
Microsoft Visual Studio Solution File, Format Version 12.00
# Visual Studio Version 16
VisualStudioVersion = 16.0.32602.291
MinimumVisualStudioVersion = 10.0.40219.1
Project("{FAE04EC0-301F-11D3-BF4B-00C04F79EFBC}") = "array_sinifi_metotlari_hackerrank_arrays", "array_sinifi_metotlari_hackerrank_arrays\array_sinifi_metotlari_hackerrank_arrays.csproj", "{FFD175E1-53B2-4A70-8016-E79E7CDD18AB}"
EndProject
Global
	GlobalSection(SolutionConfigurationPlatforms) = preSolution
		Debug|Any CPU = Debug|Any CPU
		Release|Any CPU = Release|Any CPU
	EndGlobalSection
	GlobalSection(ProjectConfigurationPlatforms) = postSolution
		{FFD175E1-53B2-4A70-8016-E79E7CDD18AB}.Debug|Any CPU.ActiveCfg = Debug|Any CPU
		{FFD175E1-53B2-4A70-8016-E79E7CDD18AB}.Debug|Any CPU.Build.0 = Debug|Any CPU
		{FFD175E1-53B2-4A70-8016-E79E7CDD18AB}.Release|Any CPU.ActiveCfg = Release|Any CPU
		{FFD175E1-53B2-4A70-8016-E79E7CDD18AB}.Release|Any CPU.Build.0 = Release|Any CPU
	EndGlobalSection
	GlobalSection(SolutionProperties) = preSolution
		HideSolutionNode = FALSE
	EndGlobalSection
	GlobalSection(ExtensibilityGlobals) = postSolution
		SolutionGuid = {18F98614-694B-48A1-816E-696153E7EE1D}
	EndGlobalSection
EndGlobal
