
Microsoft Visual Studio Solution File, Format Version 12.00
# Visual Studio Version 16
VisualStudioVersion = 16.0.32602.291
MinimumVisualStudioVersion = 10.0.40219.1
Project("{FAE04EC0-301F-11D3-BF4B-00C04F79EFBC}") = "array_sinifi_metotlari_hackerrank_birthday", "array_sinifi_metotlari_hackerrank_birthday\array_sinifi_metotlari_hackerrank_birthday.csproj", "{2D43491F-9282-47F8-ADD5-A329A3D27A0A}"
EndProject
Global
	GlobalSection(SolutionConfigurationPlatforms) = preSolution
		Debug|Any CPU = Debug|Any CPU
		Release|Any CPU = Release|Any CPU
	EndGlobalSection
	GlobalSection(ProjectConfigurationPlatforms) = postSolution
		{2D43491F-9282-47F8-ADD5-A329A3D27A0A}.Debug|Any CPU.ActiveCfg = Debug|Any CPU
		{2D43491F-9282-47F8-ADD5-A329A3D27A0A}.Debug|Any CPU.Build.0 = Debug|Any CPU
		{2D43491F-9282-47F8-ADD5-A329A3D27A0A}.Release|Any CPU.ActiveCfg = Release|Any CPU
		{2D43491F-9282-47F8-ADD5-A329A3D27A0A}.Release|Any CPU.Build.0 = Release|Any CPU
	EndGlobalSection
	GlobalSection(SolutionProperties) = preSolution
		HideSolutionNode = FALSE
	EndGlobalSection
	GlobalSection(ExtensibilityGlobals) = postSolution
		SolutionGuid = {0803A256-D99A-4327-B891-8D16633675B4}
	EndGlobalSection
EndGlobal
